
Microsoft Visual Studio Solution File, Format Version 10.00
# Visual C++ Express 2008
Project("{8BC9CEB8-8B4A-11D0-8D11-00A0C91BC942}") = "hive_mariachi", "hive_mariachi.vcproj", "{E1B0B6B0-8503-48CF-A231-65345157AA20}"
EndProject
Project("{8BC9CEB8-8B4A-11D0-8D11-00A0C91BC942}") = "hive_mariachi_runner", "hive_mariachi_runner.vcproj", "{D3FBBD0E-2202-4B2D-B527-C45C69B6B19F}"
EndProject
Project("{8BC9CEB8-8B4A-11D0-8D11-00A0C91BC942}") = "lib_lua", "lib_lua.vcproj", "{6D71AE64-3E59-4700-AC73-0323920C0A2B}"
EndProject
Project("{8BC9CEB8-8B4A-11D0-8D11-00A0C91BC942}") = "lib_bullet", "lib_bullet.vcproj", "{346F07F3-B0E0-45A7-9F21-533D706DDE36}"
EndProject
Global
	GlobalSection(SolutionConfigurationPlatforms) = preSolution
		Debug|Win32 = Debug|Win32
		Release|Win32 = Release|Win32
	EndGlobalSection
	GlobalSection(ProjectConfigurationPlatforms) = postSolution
		{E1B0B6B0-8503-48CF-A231-65345157AA20}.Debug|Win32.ActiveCfg = Debug|Win32
		{E1B0B6B0-8503-48CF-A231-65345157AA20}.Debug|Win32.Build.0 = Debug|Win32
		{E1B0B6B0-8503-48CF-A231-65345157AA20}.Release|Win32.ActiveCfg = Release|Win32
		{E1B0B6B0-8503-48CF-A231-65345157AA20}.Release|Win32.Build.0 = Release|Win32
		{D3FBBD0E-2202-4B2D-B527-C45C69B6B19F}.Debug|Win32.ActiveCfg = Debug|Win32
		{D3FBBD0E-2202-4B2D-B527-C45C69B6B19F}.Debug|Win32.Build.0 = Debug|Win32
		{D3FBBD0E-2202-4B2D-B527-C45C69B6B19F}.Release|Win32.ActiveCfg = Release|Win32
		{D3FBBD0E-2202-4B2D-B527-C45C69B6B19F}.Release|Win32.Build.0 = Release|Win32
		{6D71AE64-3E59-4700-AC73-0323920C0A2B}.Debug|Win32.ActiveCfg = Debug|Win32
		{6D71AE64-3E59-4700-AC73-0323920C0A2B}.Debug|Win32.Build.0 = Debug|Win32
		{6D71AE64-3E59-4700-AC73-0323920C0A2B}.Release|Win32.ActiveCfg = Release|Win32
		{6D71AE64-3E59-4700-AC73-0323920C0A2B}.Release|Win32.Build.0 = Release|Win32
		{346F07F3-B0E0-45A7-9F21-533D706DDE36}.Debug|Win32.ActiveCfg = Debug|Win32
		{346F07F3-B0E0-45A7-9F21-533D706DDE36}.Debug|Win32.Build.0 = Debug|Win32
		{346F07F3-B0E0-45A7-9F21-533D706DDE36}.Release|Win32.ActiveCfg = Release|Win32
		{346F07F3-B0E0-45A7-9F21-533D706DDE36}.Release|Win32.Build.0 = Release|Win32
	EndGlobalSection
	GlobalSection(SolutionProperties) = preSolution
		HideSolutionNode = FALSE
	EndGlobalSection
EndGlobal
